
Microsoft Visual Studio Solution File, Format Version 12.00
# Visual Studio Version 17
VisualStudioVersion = 17.7.34031.279
MinimumVisualStudioVersion = 10.0.40219.1
Project("{9A19103F-16F7-4668-BE54-9A1E7A4F7556}") = "HW-21.10.23(Process)", "HW-21.10.23(Process)\HW-21.10.23(Process).csproj", "{BD07225C-A5AA-4C91-B3AE-399D56320C82}"
EndProject
Project("{9A19103F-16F7-4668-BE54-9A1E7A4F7556}") = "Task3", "Task3\Task3.csproj", "{D856A597-52A3-481E-B52B-8C8D343AC918}"
EndProject
Project("{FAE04EC0-301F-11D3-BF4B-00C04F79EFBC}") = "Task4", "Task4\Task4.csproj", "{D2874001-81BB-45CC-A607-5F80FD81F870}"
EndProject
Global
	GlobalSection(SolutionConfigurationPlatforms) = preSolution
		Debug|Any CPU = Debug|Any CPU
		Release|Any CPU = Release|Any CPU
	EndGlobalSection
	GlobalSection(ProjectConfigurationPlatforms) = postSolution
		{BD07225C-A5AA-4C91-B3AE-399D56320C82}.Debug|Any CPU.ActiveCfg = Debug|Any CPU
		{BD07225C-A5AA-4C91-B3AE-399D56320C82}.Debug|Any CPU.Build.0 = Debug|Any CPU
		{BD07225C-A5AA-4C91-B3AE-399D56320C82}.Release|Any CPU.ActiveCfg = Release|Any CPU
		{BD07225C-A5AA-4C91-B3AE-399D56320C82}.Release|Any CPU.Build.0 = Release|Any CPU
		{D856A597-52A3-481E-B52B-8C8D343AC918}.Debug|Any CPU.ActiveCfg = Debug|Any CPU
		{D856A597-52A3-481E-B52B-8C8D343AC918}.Debug|Any CPU.Build.0 = Debug|Any CPU
		{D856A597-52A3-481E-B52B-8C8D343AC918}.Release|Any CPU.ActiveCfg = Release|Any CPU
		{D856A597-52A3-481E-B52B-8C8D343AC918}.Release|Any CPU.Build.0 = Release|Any CPU
		{D2874001-81BB-45CC-A607-5F80FD81F870}.Debug|Any CPU.ActiveCfg = Debug|Any CPU
		{D2874001-81BB-45CC-A607-5F80FD81F870}.Debug|Any CPU.Build.0 = Debug|Any CPU
		{D2874001-81BB-45CC-A607-5F80FD81F870}.Release|Any CPU.ActiveCfg = Release|Any CPU
		{D2874001-81BB-45CC-A607-5F80FD81F870}.Release|Any CPU.Build.0 = Release|Any CPU
	EndGlobalSection
	GlobalSection(SolutionProperties) = preSolution
		HideSolutionNode = FALSE
	EndGlobalSection
	GlobalSection(ExtensibilityGlobals) = postSolution
		SolutionGuid = {3C78D61F-DC4D-4240-8435-D07438ED7443}
	EndGlobalSection
EndGlobal
